
Microsoft Visual Studio Solution File, Format Version 12.00
# Visual Studio Version 16
VisualStudioVersion = 16.0.30413.136
MinimumVisualStudioVersion = 10.0.40219.1
Project("{FAE04EC0-301F-11D3-BF4B-00C04F79EFBC}") = "EncapsulationDemos", "EncapsulationDemos\EncapsulationDemos.csproj", "{FC7E38E1-2358-4DE0-95B8-9F8186EC1BB7}"
EndProject
Global
	GlobalSection(SolutionConfigurationPlatforms) = preSolution
		Debug|Any CPU = Debug|Any CPU
		Release|Any CPU = Release|Any CPU
	EndGlobalSection
	GlobalSection(ProjectConfigurationPlatforms) = postSolution
		{FC7E38E1-2358-4DE0-95B8-9F8186EC1BB7}.Debug|Any CPU.ActiveCfg = Debug|Any CPU
		{FC7E38E1-2358-4DE0-95B8-9F8186EC1BB7}.Debug|Any CPU.Build.0 = Debug|Any CPU
		{FC7E38E1-2358-4DE0-95B8-9F8186EC1BB7}.Release|Any CPU.ActiveCfg = Release|Any CPU
		{FC7E38E1-2358-4DE0-95B8-9F8186EC1BB7}.Release|Any CPU.Build.0 = Release|Any CPU
	EndGlobalSection
	GlobalSection(SolutionProperties) = preSolution
		HideSolutionNode = FALSE
	EndGlobalSection
	GlobalSection(ExtensibilityGlobals) = postSolution
		SolutionGuid = {8ED2E5B5-AAF7-46F5-93EB-35F951E63648}
	EndGlobalSection
EndGlobal
